
Microsoft Visual Studio Solution File, Format Version 12.00
# Visual Studio 15
VisualStudioVersion = 15.0.28307.271
MinimumVisualStudioVersion = 10.0.40219.1
Project("{F184B08F-C81C-45F6-A57F-5ABD9991F28F}") = "Traschar", "Traschar\Traschar.vbproj", "{C42BD2CA-1E31-48C9-96F3-158FA8F24E77}"
EndProject
Project("{2150E333-8FDC-42A3-9474-1A3956D46DE8}") = "Solution Items", "Solution Items", "{9B231B34-CBC0-4F3A-9629-448084B823A2}"
	ProjectSection(SolutionItems) = preProject
		LICENSE.txt = LICENSE.txt
	EndProjectSection
EndProject
Global
	GlobalSection(SolutionConfigurationPlatforms) = preSolution
		Debug|Any CPU = Debug|Any CPU
		Release|Any CPU = Release|Any CPU
	EndGlobalSection
	GlobalSection(ProjectConfigurationPlatforms) = postSolution
		{C42BD2CA-1E31-48C9-96F3-158FA8F24E77}.Debug|Any CPU.ActiveCfg = Debug|Any CPU
		{C42BD2CA-1E31-48C9-96F3-158FA8F24E77}.Debug|Any CPU.Build.0 = Debug|Any CPU
		{C42BD2CA-1E31-48C9-96F3-158FA8F24E77}.Release|Any CPU.ActiveCfg = Release|Any CPU
		{C42BD2CA-1E31-48C9-96F3-158FA8F24E77}.Release|Any CPU.Build.0 = Release|Any CPU
	EndGlobalSection
	GlobalSection(SolutionProperties) = preSolution
		HideSolutionNode = FALSE
	EndGlobalSection
	GlobalSection(ExtensibilityGlobals) = postSolution
		SolutionGuid = {EAA75764-C032-4701-84B7-FCF165DFADCC}
	EndGlobalSection
EndGlobal
